
Microsoft Visual Studio Solution File, Format Version 12.00
# Visual Studio 15
VisualStudioVersion = 15.0.27130.0
MinimumVisualStudioVersion = 10.0.40219.1
Project("{FAE04EC0-301F-11D3-BF4B-00C04F79EFBC}") = "Lix-HueSub", "Lix-HueSub\Lix-HueSub.csproj", "{BA165ABA-19CD-406D-BE6C-BBE42BE63A77}"
EndProject
Global
	GlobalSection(SolutionConfigurationPlatforms) = preSolution
		Debug|Any CPU = Debug|Any CPU
		Release|Any CPU = Release|Any CPU
	EndGlobalSection
	GlobalSection(ProjectConfigurationPlatforms) = postSolution
		{BA165ABA-19CD-406D-BE6C-BBE42BE63A77}.Debug|Any CPU.ActiveCfg = Debug|Any CPU
		{BA165ABA-19CD-406D-BE6C-BBE42BE63A77}.Debug|Any CPU.Build.0 = Debug|Any CPU
		{BA165ABA-19CD-406D-BE6C-BBE42BE63A77}.Release|Any CPU.ActiveCfg = Release|Any CPU
		{BA165ABA-19CD-406D-BE6C-BBE42BE63A77}.Release|Any CPU.Build.0 = Release|Any CPU
	EndGlobalSection
	GlobalSection(SolutionProperties) = preSolution
		HideSolutionNode = FALSE
	EndGlobalSection
	GlobalSection(ExtensibilityGlobals) = postSolution
		SolutionGuid = {D69134C5-3313-4EFC-879C-742BA5AA001E}
	EndGlobalSection
EndGlobal
